
Microsoft Visual Studio Solution File, Format Version 12.00
# Visual Studio 15
VisualStudioVersion = 15.0.27130.2010
MinimumVisualStudioVersion = 10.0.40219.1
Project("{2150E333-8FDC-42A3-9474-1A3956D46DE8}") = "0 - Presentation", "0 - Presentation", "{3DA679E1-1BDD-49D5-87E0-F7290ABCE225}"
EndProject
Project("{2150E333-8FDC-42A3-9474-1A3956D46DE8}") = "1 - Service", "1 - Service", "{650DD13E-FA0F-49B9-BFEF-B974A800389A}"
EndProject
Project("{2150E333-8FDC-42A3-9474-1A3956D46DE8}") = "2 - Application", "2 - Application", "{F097C708-E648-4E0A-88D0-9739948FEBDB}"
EndProject
Project("{2150E333-8FDC-42A3-9474-1A3956D46DE8}") = "3 - Domain", "3 - Domain", "{C1196A90-DA01-4AB3-9DBF-011EF79A1B4C}"
EndProject
Project("{2150E333-8FDC-42A3-9474-1A3956D46DE8}") = "4 - Infra", "4 - Infra", "{09320F6C-C273-4C1E-8F28-23ACB7967835}"
EndProject
Project("{9A19103F-16F7-4668-BE54-9A1E7A4F7556}") = "TheChamaApp.Domain", "TheChamaApp.Domain\TheChamaApp.Domain.csproj", "{00A5989C-201F-4181-B6EC-0A676C852079}"
EndProject
Project("{2150E333-8FDC-42A3-9474-1A3956D46DE8}") = "4.0 - Data", "4.0 - Data", "{D9564857-D81A-462B-8A2A-F57F1618AC3B}"
EndProject
Project("{9A19103F-16F7-4668-BE54-9A1E7A4F7556}") = "TheChamaApp.Infra.Data", "TheChamaApp.Infra.Data\TheChamaApp.Infra.Data.csproj", "{2CC551FF-4D85-4DB1-8920-534271A7CB37}"
EndProject
Project("{2150E333-8FDC-42A3-9474-1A3956D46DE8}") = "4.1 - IoC", "4.1 - IoC", "{AE072ABB-5353-4E0B-B0E4-9F3ACD31071A}"
EndProject
Project("{2150E333-8FDC-42A3-9474-1A3956D46DE8}") = "4.2 - CrossCutting", "4.2 - CrossCutting", "{76DE64BC-EBFF-4A92-B5FF-574A7EC8E6EC}"
EndProject
Project("{9A19103F-16F7-4668-BE54-9A1E7A4F7556}") = "TheChamaApp.Infra.IoC", "TheChamaApp.Infra.IoC\TheChamaApp.Infra.IoC.csproj", "{04316838-EDEF-4BDE-993E-E0C76FC0F90C}"
EndProject
Project("{9A19103F-16F7-4668-BE54-9A1E7A4F7556}") = "TheChamaApp.Infra.CrossCutting", "TheChamaApp.Infra.CrossCutting\TheChamaApp.Infra.CrossCutting.csproj", "{D36A5032-74D9-42E9-B9D1-810670EB5A10}"
EndProject
Project("{9A19103F-16F7-4668-BE54-9A1E7A4F7556}") = "TheChamaApp.Application", "TheChamaApp.Application\TheChamaApp.Application.csproj", "{F4CEEDFF-B9F1-412B-BA41-BD1852267F3F}"
EndProject
Project("{9A19103F-16F7-4668-BE54-9A1E7A4F7556}") = "TheChamaApp.Service", "TheChamaApp.Service\TheChamaApp.Service.csproj", "{966746B9-2E07-4720-A22A-3D03C69C97C2}"
EndProject
Project("{9A19103F-16F7-4668-BE54-9A1E7A4F7556}") = "TheChamaApp.Presentation.WebApi", "TheChamaApp.Presentation.WebApi\TheChamaApp.Presentation.WebApi.csproj", "{DEF3E950-3026-4F2E-8E45-4449B88578AE}"
EndProject
Project("{2150E333-8FDC-42A3-9474-1A3956D46DE8}") = "0.0 - WebApi", "0.0 - WebApi", "{DEB59AB2-5C32-47B7-B0A6-41BB73AD95FD}"
EndProject
Project("{FAE04EC0-301F-11D3-BF4B-00C04F79EFBC}") = "TheChamaApp.Infra.CrossCutting.Identity", "TheChamaApp.Infra.CrossCutting.Identity\TheChamaApp.Infra.CrossCutting.Identity.csproj", "{7249CF8D-6E4A-482B-830C-385841175772}"
EndProject
Global
	GlobalSection(SolutionConfigurationPlatforms) = preSolution
		Debug|Any CPU = Debug|Any CPU
		Release|Any CPU = Release|Any CPU
	EndGlobalSection
	GlobalSection(ProjectConfigurationPlatforms) = postSolution
		{00A5989C-201F-4181-B6EC-0A676C852079}.Debug|Any CPU.ActiveCfg = Debug|Any CPU
		{00A5989C-201F-4181-B6EC-0A676C852079}.Debug|Any CPU.Build.0 = Debug|Any CPU
		{00A5989C-201F-4181-B6EC-0A676C852079}.Release|Any CPU.ActiveCfg = Release|Any CPU
		{00A5989C-201F-4181-B6EC-0A676C852079}.Release|Any CPU.Build.0 = Release|Any CPU
		{2CC551FF-4D85-4DB1-8920-534271A7CB37}.Debug|Any CPU.ActiveCfg = Debug|Any CPU
		{2CC551FF-4D85-4DB1-8920-534271A7CB37}.Debug|Any CPU.Build.0 = Debug|Any CPU
		{2CC551FF-4D85-4DB1-8920-534271A7CB37}.Release|Any CPU.ActiveCfg = Release|Any CPU
		{2CC551FF-4D85-4DB1-8920-534271A7CB37}.Release|Any CPU.Build.0 = Release|Any CPU
		{04316838-EDEF-4BDE-993E-E0C76FC0F90C}.Debug|Any CPU.ActiveCfg = Debug|Any CPU
		{04316838-EDEF-4BDE-993E-E0C76FC0F90C}.Debug|Any CPU.Build.0 = Debug|Any CPU
		{04316838-EDEF-4BDE-993E-E0C76FC0F90C}.Release|Any CPU.ActiveCfg = Release|Any CPU
		{04316838-EDEF-4BDE-993E-E0C76FC0F90C}.Release|Any CPU.Build.0 = Release|Any CPU
		{D36A5032-74D9-42E9-B9D1-810670EB5A10}.Debug|Any CPU.ActiveCfg = Debug|Any CPU
		{D36A5032-74D9-42E9-B9D1-810670EB5A10}.Debug|Any CPU.Build.0 = Debug|Any CPU
		{D36A5032-74D9-42E9-B9D1-810670EB5A10}.Release|Any CPU.ActiveCfg = Release|Any CPU
		{D36A5032-74D9-42E9-B9D1-810670EB5A10}.Release|Any CPU.Build.0 = Release|Any CPU
		{F4CEEDFF-B9F1-412B-BA41-BD1852267F3F}.Debug|Any CPU.ActiveCfg = Debug|Any CPU
		{F4CEEDFF-B9F1-412B-BA41-BD1852267F3F}.Debug|Any CPU.Build.0 = Debug|Any CPU
		{F4CEEDFF-B9F1-412B-BA41-BD1852267F3F}.Release|Any CPU.ActiveCfg = Release|Any CPU
		{F4CEEDFF-B9F1-412B-BA41-BD1852267F3F}.Release|Any CPU.Build.0 = Release|Any CPU
		{966746B9-2E07-4720-A22A-3D03C69C97C2}.Debug|Any CPU.ActiveCfg = Debug|Any CPU
		{966746B9-2E07-4720-A22A-3D03C69C97C2}.Debug|Any CPU.Build.0 = Debug|Any CPU
		{966746B9-2E07-4720-A22A-3D03C69C97C2}.Release|Any CPU.ActiveCfg = Release|Any CPU
		{966746B9-2E07-4720-A22A-3D03C69C97C2}.Release|Any CPU.Build.0 = Release|Any CPU
		{DEF3E950-3026-4F2E-8E45-4449B88578AE}.Debug|Any CPU.ActiveCfg = Debug|Any CPU
		{DEF3E950-3026-4F2E-8E45-4449B88578AE}.Debug|Any CPU.Build.0 = Debug|Any CPU
		{DEF3E950-3026-4F2E-8E45-4449B88578AE}.Release|Any CPU.ActiveCfg = Release|Any CPU
		{DEF3E950-3026-4F2E-8E45-4449B88578AE}.Release|Any CPU.Build.0 = Release|Any CPU
		{7249CF8D-6E4A-482B-830C-385841175772}.Debug|Any CPU.ActiveCfg = Debug|Any CPU
		{7249CF8D-6E4A-482B-830C-385841175772}.Debug|Any CPU.Build.0 = Debug|Any CPU
		{7249CF8D-6E4A-482B-830C-385841175772}.Release|Any CPU.ActiveCfg = Release|Any CPU
		{7249CF8D-6E4A-482B-830C-385841175772}.Release|Any CPU.Build.0 = Release|Any CPU
	EndGlobalSection
	GlobalSection(SolutionProperties) = preSolution
		HideSolutionNode = FALSE
	EndGlobalSection
	GlobalSection(NestedProjects) = preSolution
		{00A5989C-201F-4181-B6EC-0A676C852079} = {C1196A90-DA01-4AB3-9DBF-011EF79A1B4C}
		{D9564857-D81A-462B-8A2A-F57F1618AC3B} = {09320F6C-C273-4C1E-8F28-23ACB7967835}
		{2CC551FF-4D85-4DB1-8920-534271A7CB37} = {D9564857-D81A-462B-8A2A-F57F1618AC3B}
		{AE072ABB-5353-4E0B-B0E4-9F3ACD31071A} = {09320F6C-C273-4C1E-8F28-23ACB7967835}
		{76DE64BC-EBFF-4A92-B5FF-574A7EC8E6EC} = {09320F6C-C273-4C1E-8F28-23ACB7967835}
		{04316838-EDEF-4BDE-993E-E0C76FC0F90C} = {AE072ABB-5353-4E0B-B0E4-9F3ACD31071A}
		{D36A5032-74D9-42E9-B9D1-810670EB5A10} = {76DE64BC-EBFF-4A92-B5FF-574A7EC8E6EC}
		{F4CEEDFF-B9F1-412B-BA41-BD1852267F3F} = {F097C708-E648-4E0A-88D0-9739948FEBDB}
		{966746B9-2E07-4720-A22A-3D03C69C97C2} = {650DD13E-FA0F-49B9-BFEF-B974A800389A}
		{DEF3E950-3026-4F2E-8E45-4449B88578AE} = {DEB59AB2-5C32-47B7-B0A6-41BB73AD95FD}
		{DEB59AB2-5C32-47B7-B0A6-41BB73AD95FD} = {3DA679E1-1BDD-49D5-87E0-F7290ABCE225}
		{7249CF8D-6E4A-482B-830C-385841175772} = {76DE64BC-EBFF-4A92-B5FF-574A7EC8E6EC}
	EndGlobalSection
	GlobalSection(ExtensibilityGlobals) = postSolution
		SolutionGuid = {346230A1-FA5D-4CB2-A1D3-B89ABF83B7A2}
	EndGlobalSection
EndGlobal
